langcode: en
status: true
dependencies:
  module:
    - contact_block
  theme:
    - bartik
id: contactblock
theme: bartik
region: sidebar_second
weight: 0
provider: null
plugin: contact_block
settings:
  id: contact_block
  label: 'Contact block'
  provider: contact_block
  label_display: visible
  contact_form: new_contact_form
visibility: {  }
